
Microsoft Visual Studio Solution File, Format Version 12.00
# Visual Studio Version 16
VisualStudioVersion = 16.0.35731.53
MinimumVisualStudioVersion = 10.0.40219.1
Project("{8BC9CEB8-8B4A-11D0-8D11-00A0C91BC942}") = "ChessGame", "ChessGame\ChessGame.vcxproj", "{45659F50-D074-4F42-9D5A-7C6D4F265441}"
EndProject
Global
	GlobalSection(SolutionConfigurationPlatforms) = preSolution
		Debug|x64 = Debug|x64
		Debug|x86 = Debug|x86
		Release|x64 = Release|x64
		Release|x86 = Release|x86
	EndGlobalSection
	GlobalSection(ProjectConfigurationPlatforms) = postSolution
		{45659F50-D074-4F42-9D5A-7C6D4F265441}.Debug|x64.ActiveCfg = Debug|x64
		{45659F50-D074-4F42-9D5A-7C6D4F265441}.Debug|x64.Build.0 = Debug|x64
		{45659F50-D074-4F42-9D5A-7C6D4F265441}.Debug|x86.ActiveCfg = Debug|Win32
		{45659F50-D074-4F42-9D5A-7C6D4F265441}.Debug|x86.Build.0 = Debug|Win32
		{45659F50-D074-4F42-9D5A-7C6D4F265441}.Release|x64.ActiveCfg = Release|x64
		{45659F50-D074-4F42-9D5A-7C6D4F265441}.Release|x64.Build.0 = Release|x64
		{45659F50-D074-4F42-9D5A-7C6D4F265441}.Release|x86.ActiveCfg = Release|Win32
		{45659F50-D074-4F42-9D5A-7C6D4F265441}.Release|x86.Build.0 = Release|Win32
	EndGlobalSection
	GlobalSection(SolutionProperties) = preSolution
		HideSolutionNode = FALSE
	EndGlobalSection
	GlobalSection(ExtensibilityGlobals) = postSolution
		SolutionGuid = {2528FD4E-ABAD-403C-B3EC-F0A7223BB6F3}
	EndGlobalSection
EndGlobal
